PODS:
  - Alamofire (4.5.1)
  - FSPagerView (0.7.1)
  - IQKeyboardManagerSwift (5.0.8)
  - KeychainSwift (10.0.0)
  - ModelMapper (7.2.0)
  - Moya (9.0.0):
    - Moya/Core (= 9.0.0)
  - Moya-ModelMapper (5.0.0):
    - Moya-ModelMapper/Core (= 5.0.0)
  - Moya-ModelMapper/Core (5.0.0):
    - ModelMapper
    - Moya (~> 9.0.0)
  - Moya/Core (9.0.0):
    - Alamofire (~> 4.1)
    - Result (~> 3.0)
  - Result (3.2.4)
  - youtube-ios-player-helper (0.1.6)

DEPENDENCIES:
  - FSPagerView
  - IQKeyboardManagerSwift
  - KeychainSwift (~> 10.0)
  - Moya-ModelMapper
  - youtube-ios-player-helper

SPEC CHECKSUMS:
  Alamofire: 2d95912bf4c34f164fdfc335872e8c312acaea4a
  FSPagerView: 958aba39684e1573755ddcfcc29f7eebb8413cee
  IQKeyboardManagerSwift: 2e7dc7f98c111458c1ea2b373f893e8cf95e2b97
  KeychainSwift: f9f7910449a0c0fd2cabc889121530dd2c477c33
  ModelMapper: bef729f9c7095cadffc3c2ef9432fc5e21d8fc60
  Moya: cf5e6ee93af526532f92614004b8ad2ea60fd845
  Moya-ModelMapper: fc14d8c7d6466f11aea83e785c7f2c4c521fead6
  Result: d2d07204ce72856f1fd9130bbe42c35a7b0fea10
  youtube-ios-player-helper: 21ab92db027c7ff86cb17a3843a3f6eafc8158d2

PODFILE CHECKSUM: 7641cce9c815ed5ffc9ae4f671dde7cd33c75684

COCOAPODS: 1.4.0
