PODS:
  - Alamofire (4.7.3)
  - AMScrollingNavbar (5.0.3)
  - ChameleonFramework/Default (2.1.0)
  - ChameleonFramework/Swift (2.1.0):
    - ChameleonFramework/Default
  - FSPagerView (0.7.2)
  - IQKeyboardManagerSwift (6.1.1)
  - KeychainSwift (10.0.0)
  - Kingfisher (4.10.1)
  - ModelMapper (8.1.0)
  - Moya (11.0.2):
    - Moya/Core (= 11.0.2)
  - Moya-ModelMapper (7.1.0):
    - Moya-ModelMapper/Core (= 7.1.0)
  - Moya-ModelMapper/Core (7.1.0):
    - ModelMapper
    - Moya (~> 11.0)
  - Moya/Core (11.0.2):
    - Alamofire (~> 4.1)
    - Result (~> 3.0)
  - Result (3.2.4)
  - youtube-ios-player-helper (0.1.6)
  - YoutubeKit (0.3.0)

DEPENDENCIES:
  - AMScrollingNavbar
  - ChameleonFramework/Swift
  - FSPagerView
  - IQKeyboardManagerSwift
  - KeychainSwift (~> 10.0)
  - Kingfisher
  - Moya-ModelMapper
  - youtube-ios-player-helper
  - YoutubeKit

SPEC REPOS:
  https://github.com/cocoapods/specs.git:
    - Alamofire
    - AMScrollingNavbar
    - ChameleonFramework
    - FSPagerView
    - IQKeyboardManagerSwift
    - KeychainSwift
    - Kingfisher
    - ModelMapper
    - Moya
    - Moya-ModelMapper
    - Result
    - youtube-ios-player-helper
    - YoutubeKit

SPEC CHECKSUMS:
  Alamofire: c7287b6e5d7da964a70935e5db17046b7fde6568
  AMScrollingNavbar: eec8b9739bca2f8448cba8a4f2347001d980fa95
  ChameleonFramework: d21a3cc247abfe5e37609a283a8238b03575cf64
  FSPagerView: 7515f63c424da71623d299d4fbbfb3dd884642ff
  IQKeyboardManagerSwift: 977affaeb4d6e971975c7790a6850f31d38f1207
  KeychainSwift: f9f7910449a0c0fd2cabc889121530dd2c477c33
  Kingfisher: c148cd7b47ebde9989f6bc7c27dcaa79d81279a0
  ModelMapper: 767fab844b495de49f511784c0c705610731127f
  Moya: a725035953bc1c0eb1be505ab903984501d82440
  Moya-ModelMapper: 35209257d9e886cedf91289559a41723f5fbd095
  Result: d2d07204ce72856f1fd9130bbe42c35a7b0fea10
  youtube-ios-player-helper: 21ab92db027c7ff86cb17a3843a3f6eafc8158d2
  YoutubeKit: a00e9eebcb3cfe26d7e233c5f8591dfd0b08f7a0

PODFILE CHECKSUM: 08688a6085ab5b6b03476d0bec7ee24ff8ea1c51

COCOAPODS: 1.6.0.beta.2
